
Microsoft Visual Studio Solution File, Format Version 12.00
# Visual Studio Version 17
VisualStudioVersion = 17.14.36511.14
MinimumVisualStudioVersion = 10.0.40219.1
Project("{FAE04EC0-301F-11D3-BF4B-00C04F79EFBC}") = "FunWordle.Cli", "FunWordle\FunWordle.Cli.csproj", "{2A09E8F1-E40F-4FA3-9AA2-75333A5B6DDD}"
EndProject
Project("{FAE04EC0-301F-11D3-BF4B-00C04F79EFBC}") = "FunWordle.Core", "FunWordle.Core\FunWordle.Core.csproj", "{EBE451DF-BD40-4B2D-BA01-50EB631CB3F9}"
EndProject
Project("{2150E333-8FDC-42A3-9474-1A3956D46DE8}") = "Solution Items", "Solution Items", "{8EC462FD-D22E-90A8-E5CE-7E832BA40C5D}"
	ProjectSection(SolutionItems) = preProject
		wordle-answers-alphabetical.txt = wordle-answers-alphabetical.txt
	EndProjectSection
EndProject
Project("{FAE04EC0-301F-11D3-BF4B-00C04F79EFBC}") = "FunWordle.Core.Tests", "FunWordle.Core.Tests\FunWordle.Core.Tests.csproj", "{89B95925-F21F-4C02-A4EA-4D2B8568FA78}"
EndProject
Project("{FAE04EC0-301F-11D3-BF4B-00C04F79EFBC}") = "FunWordle.API", "FunWordle.API\FunWordle.API.csproj", "{703F6010-AF4A-408E-A8EA-4F565B3CA03F}"
EndProject
Project("{FAE04EC0-301F-11D3-BF4B-00C04F79EFBC}") = "FunWordle.API.Tests", "FunWordle.API.Tests\FunWordle.API.Tests.csproj", "{BDED4333-4BA6-4139-BFEC-BE151D6E2E23}"
EndProject
Global
	GlobalSection(SolutionConfigurationPlatforms) = preSolution
		Debug|Any CPU = Debug|Any CPU
		Release|Any CPU = Release|Any CPU
	EndGlobalSection
	GlobalSection(ProjectConfigurationPlatforms) = postSolution
		{2A09E8F1-E40F-4FA3-9AA2-75333A5B6DDD}.Debug|Any CPU.ActiveCfg = Debug|Any CPU
		{2A09E8F1-E40F-4FA3-9AA2-75333A5B6DDD}.Debug|Any CPU.Build.0 = Debug|Any CPU
		{2A09E8F1-E40F-4FA3-9AA2-75333A5B6DDD}.Release|Any CPU.ActiveCfg = Release|Any CPU
		{2A09E8F1-E40F-4FA3-9AA2-75333A5B6DDD}.Release|Any CPU.Build.0 = Release|Any CPU
		{EBE451DF-BD40-4B2D-BA01-50EB631CB3F9}.Debug|Any CPU.ActiveCfg = Debug|Any CPU
		{EBE451DF-BD40-4B2D-BA01-50EB631CB3F9}.Debug|Any CPU.Build.0 = Debug|Any CPU
		{EBE451DF-BD40-4B2D-BA01-50EB631CB3F9}.Release|Any CPU.ActiveCfg = Release|Any CPU
		{EBE451DF-BD40-4B2D-BA01-50EB631CB3F9}.Release|Any CPU.Build.0 = Release|Any CPU
		{89B95925-F21F-4C02-A4EA-4D2B8568FA78}.Debug|Any CPU.ActiveCfg = Debug|Any CPU
		{89B95925-F21F-4C02-A4EA-4D2B8568FA78}.Debug|Any CPU.Build.0 = Debug|Any CPU
		{89B95925-F21F-4C02-A4EA-4D2B8568FA78}.Release|Any CPU.ActiveCfg = Release|Any CPU
		{89B95925-F21F-4C02-A4EA-4D2B8568FA78}.Release|Any CPU.Build.0 = Release|Any CPU
		{703F6010-AF4A-408E-A8EA-4F565B3CA03F}.Debug|Any CPU.ActiveCfg = Debug|Any CPU
		{703F6010-AF4A-408E-A8EA-4F565B3CA03F}.Debug|Any CPU.Build.0 = Debug|Any CPU
		{703F6010-AF4A-408E-A8EA-4F565B3CA03F}.Release|Any CPU.ActiveCfg = Release|Any CPU
		{703F6010-AF4A-408E-A8EA-4F565B3CA03F}.Release|Any CPU.Build.0 = Release|Any CPU
		{BDED4333-4BA6-4139-BFEC-BE151D6E2E23}.Debug|Any CPU.ActiveCfg = Debug|Any CPU
		{BDED4333-4BA6-4139-BFEC-BE151D6E2E23}.Debug|Any CPU.Build.0 = Debug|Any CPU
		{BDED4333-4BA6-4139-BFEC-BE151D6E2E23}.Release|Any CPU.ActiveCfg = Release|Any CPU
		{BDED4333-4BA6-4139-BFEC-BE151D6E2E23}.Release|Any CPU.Build.0 = Release|Any CPU
	EndGlobalSection
	GlobalSection(SolutionProperties) = preSolution
		HideSolutionNode = FALSE
	EndGlobalSection
	GlobalSection(ExtensibilityGlobals) = postSolution
		SolutionGuid = {F2A529B2-07B9-4CD8-AF46-57A0FDC71ACA}
	EndGlobalSection
EndGlobal
